// !$*UTF8*$!
{
	archiveVersion = 1;
	classes = {
	};
	objectVersion = 55;
	objects = {

/* Begin PBXBuildFile section */
		BCA58ADA33C297B5036D9F16 /* Pods_testPryaniky.framework in Frameworks */ = {isa = PBXBuildFile; fileRef = 57F2EB8D4849F9124D3475E3 /* Pods_testPryaniky.framework */; };
		CE5EC32F2862448A009BFB3E /* AppDelegate.swift in Sources */ = {isa = PBXBuildFile; fileRef = CE5EC32E2862448A009BFB3E /* AppDelegate.swift */; };
		CE5EC3312862448A009BFB3E /* SceneDelegate.swift in Sources */ = {isa = PBXBuildFile; fileRef = CE5EC3302862448A009BFB3E /* SceneDelegate.swift */; };
		CE5EC3332862448A009BFB3E /* MainViewController.swift in Sources */ = {isa = PBXBuildFile; fileRef = CE5EC3322862448A009BFB3E /* MainViewController.swift */; };
		CE5EC3362862448A009BFB3E /* Main.storyboard in Resources */ = {isa = PBXBuildFile; fileRef = CE5EC3342862448A009BFB3E /* Main.storyboard */; };
		CE5EC3382862448C009BFB3E /* Assets.xcassets in Resources */ = {isa = PBXBuildFile; fileRef = CE5EC3372862448C009BFB3E /* Assets.xcassets */; };
		CE5EC33B2862448C009BFB3E /* LaunchScreen.storyboard in Resources */ = {isa = PBXBuildFile; fileRef = CE5EC3392862448C009BFB3E /* LaunchScreen.storyboard */; };
		CE5EC34328624A7D009BFB3E /* MainView.swift in Sources */ = {isa = PBXBuildFile; fileRef = CE5EC34228624A7D009BFB3E /* MainView.swift */; };
		CE5EC34828624D2B009BFB3E /* MainViewModel.swift in Sources */ = {isa = PBXBuildFile; fileRef = CE5EC34728624D2B009BFB3E /* MainViewModel.swift */; };
		CE5EC34A2862526C009BFB3E /* PryanikyNetworkRequest.swift in Sources */ = {isa = PBXBuildFile; fileRef = CE5EC3492862526C009BFB3E /* PryanikyNetworkRequest.swift */; };
		CE5EC34C2862531B009BFB3E /* Interface.swift in Sources */ = {isa = PBXBuildFile; fileRef = CE5EC34B2862531B009BFB3E /* Interface.swift */; };
		CE5EC34E28625E45009BFB3E /* NetworkErrors.swift in Sources */ = {isa = PBXBuildFile; fileRef = CE5EC34D28625E45009BFB3E /* NetworkErrors.swift */; };
		CE75679D28689C400070915B /* InterfaceElement.swift in Sources */ = {isa = PBXBuildFile; fileRef = CE75679C28689C3F0070915B /* InterfaceElement.swift */; };
		CE78D3772868C2EE007AE4E5 /* PryanikyNetworkService.swift in Sources */ = {isa = PBXBuildFile; fileRef = CE78D3762868C2EE007AE4E5 /* PryanikyNetworkService.swift */; };
		CE78D3792868C862007AE4E5 /* PryanikyAlertsFabricPresentable.swift in Sources */ = {isa = PBXBuildFile; fileRef = CE78D3782868C862007AE4E5 /* PryanikyAlertsFabricPresentable.swift */; };
		CE78D37E2868DBC1007AE4E5 /* TextTableViewCell.swift in Sources */ = {isa = PBXBuildFile; fileRef = CE78D37D2868DBC1007AE4E5 /* TextTableViewCell.swift */; };
		CEDAE2472868F6EA002A9E95 /* TextCellViewModel.swift in Sources */ = {isa = PBXBuildFile; fileRef = CEDAE2462868F6EA002A9E95 /* TextCellViewModel.swift */; };
		CEDAE2492868F997002A9E95 /* PictureCellViewModel.swift in Sources */ = {isa = PBXBuildFile; fileRef = CEDAE2482868F997002A9E95 /* PictureCellViewModel.swift */; };
		CEDAE24B2868FA33002A9E95 /* SelectorCellViewModel.swift in Sources */ = {isa = PBXBuildFile; fileRef = CEDAE24A2868FA33002A9E95 /* SelectorCellViewModel.swift */; };
/* End PBXBuildFile section */

/* Begin PBXFileReference section */
		3AEC49CF00C3FE014FA0D6D1 /* Pods-testPryaniky.debug.xcconfig */ = {isa = PBXFileReference; includeInIndex = 1; lastKnownFileType = text.xcconfig; name = "Pods-testPryaniky.debug.xcconfig"; path = "Target Support Files/Pods-testPryaniky/Pods-testPryaniky.debug.xcconfig"; sourceTree = "<group>"; };
		57F2EB8D4849F9124D3475E3 /* Pods_testPryaniky.framework */ = {isa = PBXFileReference; explicitFileType = wrapper.framework; includeInIndex = 0; path = Pods_testPryaniky.framework; sourceTree = BUILT_PRODUCTS_DIR; };
		890908B63598736485193578 /* Pods-testPryaniky.release.xcconfig */ = {isa = PBXFileReference; includeInIndex = 1; lastKnownFileType = text.xcconfig; name = "Pods-testPryaniky.release.xcconfig"; path = "Target Support Files/Pods-testPryaniky/Pods-testPryaniky.release.xcconfig"; sourceTree = "<group>"; };
		CE5EC32B2862448A009BFB3E /* testPryaniky.app */ = {isa = PBXFileReference; explicitFileType = wrapper.application; includeInIndex = 0; path = testPryaniky.app; sourceTree = BUILT_PRODUCTS_DIR; };
		CE5EC32E2862448A009BFB3E /* AppDelegate.swift */ = {isa = PBXFileReference; lastKnownFileType = sourcecode.swift; path = AppDelegate.swift; sourceTree = "<group>"; };
		CE5EC3302862448A009BFB3E /* SceneDelegate.swift */ = {isa = PBXFileReference; lastKnownFileType = sourcecode.swift; path = SceneDelegate.swift; sourceTree = "<group>"; };
		CE5EC3322862448A009BFB3E /* MainViewController.swift */ = {isa = PBXFileReference; lastKnownFileType = sourcecode.swift; path = MainViewController.swift; sourceTree = "<group>"; };
		CE5EC3352862448A009BFB3E /* Base */ = {isa = PBXFileReference; lastKnownFileType = file.storyboard; name = Base; path = Base.lproj/Main.storyboard; sourceTree = "<group>"; };
		CE5EC3372862448C009BFB3E /* Assets.xcassets */ = {isa = PBXFileReference; lastKnownFileType = folder.assetcatalog; path = Assets.xcassets; sourceTree = "<group>"; };
		CE5EC33A2862448C009BFB3E /* Base */ = {isa = PBXFileReference; lastKnownFileType = file.storyboard; name = Base; path = Base.lproj/LaunchScreen.storyboard; sourceTree = "<group>"; };
		CE5EC33C2862448C009BFB3E /* Info.plist */ = {isa = PBXFileReference; lastKnownFileType = text.plist.xml; path = Info.plist; sourceTree = "<group>"; };
		CE5EC34228624A7D009BFB3E /* MainView.swift */ = {isa = PBXFileReference; lastKnownFileType = sourcecode.swift; path = MainView.swift; sourceTree = "<group>"; };
		CE5EC34728624D2B009BFB3E /* MainViewModel.swift */ = {isa = PBXFileReference; lastKnownFileType = sourcecode.swift; path = MainViewModel.swift; sourceTree = "<group>"; };
		CE5EC3492862526C009BFB3E /* PryanikyNetworkRequest.swift */ = {isa = PBXFileReference; lastKnownFileType = sourcecode.swift; path = PryanikyNetworkRequest.swift; sourceTree = "<group>"; };
		CE5EC34B2862531B009BFB3E /* Interface.swift */ = {isa = PBXFileReference; lastKnownFileType = sourcecode.swift; path = Interface.swift; sourceTree = "<group>"; };
		CE5EC34D28625E45009BFB3E /* NetworkErrors.swift */ = {isa = PBXFileReference; fileEncoding = 4; lastKnownFileType = sourcecode.swift; path = NetworkErrors.swift; sourceTree = "<group>"; };
		CE75679C28689C3F0070915B /* InterfaceElement.swift */ = {isa = PBXFileReference; lastKnownFileType = sourcecode.swift; path = InterfaceElement.swift; sourceTree = "<group>"; };
		CE78D3762868C2EE007AE4E5 /* PryanikyNetworkService.swift */ = {isa = PBXFileReference; lastKnownFileType = sourcecode.swift; path = PryanikyNetworkService.swift; sourceTree = "<group>"; };
		CE78D3782868C862007AE4E5 /* PryanikyAlertsFabricPresentable.swift */ = {isa = PBXFileReference; fileEncoding = 4; lastKnownFileType = sourcecode.swift; path = PryanikyAlertsFabricPresentable.swift; sourceTree = "<group>"; };
		CE78D37D2868DBC1007AE4E5 /* TextTableViewCell.swift */ = {isa = PBXFileReference; lastKnownFileType = sourcecode.swift; path = TextTableViewCell.swift; sourceTree = "<group>"; };
		CEDAE2462868F6EA002A9E95 /* TextCellViewModel.swift */ = {isa = PBXFileReference; lastKnownFileType = sourcecode.swift; path = TextCellViewModel.swift; sourceTree = "<group>"; };
		CEDAE2482868F997002A9E95 /* PictureCellViewModel.swift */ = {isa = PBXFileReference; lastKnownFileType = sourcecode.swift; path = PictureCellViewModel.swift; sourceTree = "<group>"; };
		CEDAE24A2868FA33002A9E95 /* SelectorCellViewModel.swift */ = {isa = PBXFileReference; lastKnownFileType = sourcecode.swift; path = SelectorCellViewModel.swift; sourceTree = "<group>"; };
/* End PBXFileReference section */

/* Begin PBXFrameworksBuildPhase section */
		CE5EC3282862448A009BFB3E /* Frameworks */ = {
			isa = PBXFrameworksBuildPhase;
			buildActionMask = 2147483647;
			files = (
				BCA58ADA33C297B5036D9F16 /* Pods_testPryaniky.framework in Frameworks */,
			);
			runOnlyForDeploymentPostprocessing = 0;
		};
/* End PBXFrameworksBuildPhase section */

/* Begin PBXGroup section */
		2E1B94C5D660A4544A72A194 /* Pods */ = {
			isa = PBXGroup;
			children = (
				3AEC49CF00C3FE014FA0D6D1 /* Pods-testPryaniky.debug.xcconfig */,
				890908B63598736485193578 /* Pods-testPryaniky.release.xcconfig */,
			);
			path = Pods;
			sourceTree = "<group>";
		};
		37088E82993E115EBC42C510 /* Frameworks */ = {
			isa = PBXGroup;
			children = (
				57F2EB8D4849F9124D3475E3 /* Pods_testPryaniky.framework */,
			);
			name = Frameworks;
			sourceTree = "<group>";
		};
		CE5EC3222862448A009BFB3E = {
			isa = PBXGroup;
			children = (
				CE5EC32D2862448A009BFB3E /* testPryaniky */,
				CE5EC32C2862448A009BFB3E /* Products */,
				2E1B94C5D660A4544A72A194 /* Pods */,
				37088E82993E115EBC42C510 /* Frameworks */,
			);
			sourceTree = "<group>";
		};
		CE5EC32C2862448A009BFB3E /* Products */ = {
			isa = PBXGroup;
			children = (
				CE5EC32B2862448A009BFB3E /* testPryaniky.app */,
			);
			name = Products;
			sourceTree = "<group>";
		};
		CE5EC32D2862448A009BFB3E /* testPryaniky */ = {
			isa = PBXGroup;
			children = (
				CE5EC34628624CAA009BFB3E /* ModelProvider */,
				CE5EC34428624C94009BFB3E /* Views */,
				CE5EC34528624CA0009BFB3E /* ViewModels */,
				CE5EC3302862448A009BFB3E /* SceneDelegate.swift */,
				CE5EC32E2862448A009BFB3E /* AppDelegate.swift */,
				CE5EC3342862448A009BFB3E /* Main.storyboard */,
				CE5EC3372862448C009BFB3E /* Assets.xcassets */,
				CE5EC3392862448C009BFB3E /* LaunchScreen.storyboard */,
				CE5EC33C2862448C009BFB3E /* Info.plist */,
			);
			path = testPryaniky;
			sourceTree = "<group>";
		};
		CE5EC34428624C94009BFB3E /* Views */ = {
			isa = PBXGroup;
			children = (
				CE78D37C2868DB86007AE4E5 /* Cells */,
				CE5EC3322862448A009BFB3E /* MainViewController.swift */,
				CE5EC34228624A7D009BFB3E /* MainView.swift */,
			);
			path = Views;
			sourceTree = "<group>";
		};
		CE5EC34528624CA0009BFB3E /* ViewModels */ = {
			isa = PBXGroup;
			children = (
				CEDAE2452868F6C3002A9E95 /* Cells */,
				CE5EC34728624D2B009BFB3E /* MainViewModel.swift */,
			);
			path = ViewModels;
			sourceTree = "<group>";
		};
		CE5EC34628624CAA009BFB3E /* ModelProvider */ = {
			isa = PBXGroup;
			children = (
				CE5EC3492862526C009BFB3E /* PryanikyNetworkRequest.swift */,
				CE78D3762868C2EE007AE4E5 /* PryanikyNetworkService.swift */,
				CE78D3782868C862007AE4E5 /* PryanikyAlertsFabricPresentable.swift */,
				CE5EC34D28625E45009BFB3E /* NetworkErrors.swift */,
				CE5EC34B2862531B009BFB3E /* Interface.swift */,
				CE75679C28689C3F0070915B /* InterfaceElement.swift */,
			);
			path = ModelProvider;
			sourceTree = "<group>";
		};
		CE78D37C2868DB86007AE4E5 /* Cells */ = {
			isa = PBXGroup;
			children = (
				CE78D37D2868DBC1007AE4E5 /* TextTableViewCell.swift */,
			);
			path = Cells;
			sourceTree = "<group>";
		};
		CEDAE2452868F6C3002A9E95 /* Cells */ = {
			isa = PBXGroup;
			children = (
				CEDAE2462868F6EA002A9E95 /* TextCellViewModel.swift */,
				CEDAE2482868F997002A9E95 /* PictureCellViewModel.swift */,
				CEDAE24A2868FA33002A9E95 /* SelectorCellViewModel.swift */,
			);
			path = Cells;
			sourceTree = "<group>";
		};
/* End PBXGroup section */

/* Begin PBXNativeTarget section */
		CE5EC32A2862448A009BFB3E /* testPryaniky */ = {
			isa = PBXNativeTarget;
			buildConfigurationList = CE5EC33F2862448C009BFB3E /* Build configuration list for PBXNativeTarget "testPryaniky" */;
			buildPhases = (
				35D288650A28D3183E315178 /* [CP] Check Pods Manifest.lock */,
				CE5EC3272862448A009BFB3E /* Sources */,
				CE5EC3282862448A009BFB3E /* Frameworks */,
				CE5EC3292862448A009BFB3E /* Resources */,
				0C0C061881D7BFD0DEDA46A7 /* [CP] Embed Pods Frameworks */,
			);
			buildRules = (
			);
			dependencies = (
			);
			name = testPryaniky;
			productName = testPryaniky;
			productReference = CE5EC32B2862448A009BFB3E /* testPryaniky.app */;
			productType = "com.apple.product-type.application";
		};
/* End PBXNativeTarget section */

/* Begin PBXProject section */
		CE5EC3232862448A009BFB3E /* Project object */ = {
			isa = PBXProject;
			attributes = {
				BuildIndependentTargetsInParallel = 1;
				LastSwiftUpdateCheck = 1340;
				LastUpgradeCheck = 1340;
				TargetAttributes = {
					CE5EC32A2862448A009BFB3E = {
						CreatedOnToolsVersion = 13.4;
					};
				};
			};
			buildConfigurationList = CE5EC3262862448A009BFB3E /* Build configuration list for PBXProject "testPryaniky" */;
			compatibilityVersion = "Xcode 13.0";
			developmentRegion = en;
			hasScannedForEncodings = 0;
			knownRegions = (
				en,
				Base,
			);
			mainGroup = CE5EC3222862448A009BFB3E;
			productRefGroup = CE5EC32C2862448A009BFB3E /* Products */;
			projectDirPath = "";
			projectRoot = "";
			targets = (
				CE5EC32A2862448A009BFB3E /* testPryaniky */,
			);
		};
/* End PBXProject section */

/* Begin PBXResourcesBuildPhase section */
		CE5EC3292862448A009BFB3E /* Resources */ = {
			isa = PBXResourcesBuildPhase;
			buildActionMask = 2147483647;
			files = (
				CE5EC33B2862448C009BFB3E /* LaunchScreen.storyboard in Resources */,
				CE5EC3382862448C009BFB3E /* Assets.xcassets in Resources */,
				CE5EC3362862448A009BFB3E /* Main.storyboard in Resources */,
			);
			runOnlyForDeploymentPostprocessing = 0;
		};
/* End PBXResourcesBuildPhase section */

/* Begin PBXShellScriptBuildPhase section */
		0C0C061881D7BFD0DEDA46A7 /* [CP] Embed Pods Frameworks */ = {
			isa = PBXShellScriptBuildPhase;
			buildActionMask = 2147483647;
			files = (
			);
			inputFileListPaths = (
				"${PODS_ROOT}/Target Support Files/Pods-testPryaniky/Pods-testPryaniky-frameworks-${CONFIGURATION}-input-files.xcfilelist",
			);
			name = "[CP] Embed Pods Frameworks";
			outputFileListPaths = (
				"${PODS_ROOT}/Target Support Files/Pods-testPryaniky/Pods-testPryaniky-frameworks-${CONFIGURATION}-output-files.xcfilelist",
			);
			runOnlyForDeploymentPostprocessing = 0;
			shellPath = /bin/sh;
			shellScript = "\"${PODS_ROOT}/Target Support Files/Pods-testPryaniky/Pods-testPryaniky-frameworks.sh\"\n";
			showEnvVarsInLog = 0;
		};
		35D288650A28D3183E315178 /* [CP] Check Pods Manifest.lock */ = {
			isa = PBXShellScriptBuildPhase;
			buildActionMask = 2147483647;
			files = (
			);
			inputFileListPaths = (
			);
			inputPaths = (
				"${PODS_PODFILE_DIR_PATH}/Podfile.lock",
				"${PODS_ROOT}/Manifest.lock",
			);
			name = "[CP] Check Pods Manifest.lock";
			outputFileListPaths = (
			);
			outputPaths = (
				"$(DERIVED_FILE_DIR)/Pods-testPryaniky-checkManifestLockResult.txt",
			);
			runOnlyForDeploymentPostprocessing = 0;
			shellPath = /bin/sh;
			shellScript = "diff \"${PODS_PODFILE_DIR_PATH}/Podfile.lock\" \"${PODS_ROOT}/Manifest.lock\" > /dev/null\nif [ $? != 0 ] ; then\n    # print error to STDERR\n    echo \"error: The sandbox is not in sync with the Podfile.lock. Run 'pod install' or update your CocoaPods installation.\" >&2\n    exit 1\nfi\n# This output is used by Xcode 'outputs' to avoid re-running this script phase.\necho \"SUCCESS\" > \"${SCRIPT_OUTPUT_FILE_0}\"\n";
			showEnvVarsInLog = 0;
		};
/* End PBXShellScriptBuildPhase section */

/* Begin PBXSourcesBuildPhase section */
		CE5EC3272862448A009BFB3E /* Sources */ = {
			isa = PBXSourcesBuildPhase;
			buildActionMask = 2147483647;
			files = (
				CE5EC34C2862531B009BFB3E /* Interface.swift in Sources */,
				CE5EC34828624D2B009BFB3E /* MainViewModel.swift in Sources */,
				CE78D3772868C2EE007AE4E5 /* PryanikyNetworkService.swift in Sources */,
				CE75679D28689C400070915B /* InterfaceElement.swift in Sources */,
				CE5EC3332862448A009BFB3E /* MainViewController.swift in Sources */,
				CE78D3792868C862007AE4E5 /* PryanikyAlertsFabricPresentable.swift in Sources */,
				CE78D37E2868DBC1007AE4E5 /* TextTableViewCell.swift in Sources */,
				CE5EC34A2862526C009BFB3E /* PryanikyNetworkRequest.swift in Sources */,
				CEDAE2472868F6EA002A9E95 /* TextCellViewModel.swift in Sources */,
				CE5EC32F2862448A009BFB3E /* AppDelegate.swift in Sources */,
				CEDAE24B2868FA33002A9E95 /* SelectorCellViewModel.swift in Sources */,
				CE5EC34E28625E45009BFB3E /* NetworkErrors.swift in Sources */,
				CE5EC3312862448A009BFB3E /* SceneDelegate.swift in Sources */,
				CE5EC34328624A7D009BFB3E /* MainView.swift in Sources */,
				CEDAE2492868F997002A9E95 /* PictureCellViewModel.swift in Sources */,
			);
			runOnlyForDeploymentPostprocessing = 0;
		};
/* End PBXSourcesBuildPhase section */

/* Begin PBXVariantGroup section */
		CE5EC3342862448A009BFB3E /* Main.storyboard */ = {
			isa = PBXVariantGroup;
			children = (
				CE5EC3352862448A009BFB3E /* Base */,
			);
			name = Main.storyboard;
			sourceTree = "<group>";
		};
		CE5EC3392862448C009BFB3E /* LaunchScreen.storyboard */ = {
			isa = PBXVariantGroup;
			children = (
				CE5EC33A2862448C009BFB3E /* Base */,
			);
			name = LaunchScreen.storyboard;
			sourceTree = "<group>";
		};
/* End PBXVariantGroup section */

/* Begin XCBuildConfiguration section */
		CE5EC33D2862448C009BFB3E /* Debug */ = {
			isa = XCBuildConfiguration;
			buildSettings = {
				ALWAYS_SEARCH_USER_PATHS = NO;
				CLANG_ANALYZER_NONNULL = YES;
				CLANG_ANALYZER_NUMBER_OBJECT_CONVERSION = YES_AGGRESSIVE;
				CLANG_CXX_LANGUAGE_STANDARD = "gnu++17";
				CLANG_ENABLE_MODULES = YES;
				CLANG_ENABLE_OBJC_ARC = YES;
				CLANG_ENABLE_OBJC_WEAK = YES;
				CLANG_WARN_BLOCK_CAPTURE_AUTORELEASING = YES;
				CLANG_WARN_BOOL_CONVERSION = YES;
				CLANG_WARN_COMMA = YES;
				CLANG_WARN_CONSTANT_CONVERSION = YES;
				CLANG_WARN_DEPRECATED_OBJC_IMPLEMENTATIONS = YES;
				CLANG_WARN_DIRECT_OBJC_ISA_USAGE = YES_ERROR;
				CLANG_WARN_DOCUMENTATION_COMMENTS = YES;
				CLANG_WARN_EMPTY_BODY = YES;
				CLANG_WARN_ENUM_CONVERSION = YES;
				CLANG_WARN_INFINITE_RECURSION = YES;
				CLANG_WARN_INT_CONVERSION = YES;
				CLANG_WARN_NON_LITERAL_NULL_CONVERSION = YES;
				CLANG_WARN_OBJC_IMPLICIT_RETAIN_SELF = YES;
				CLANG_WARN_OBJC_LITERAL_CONVERSION = YES;
				CLANG_WARN_OBJC_ROOT_CLASS = YES_ERROR;
				CLANG_WARN_QUOTED_INCLUDE_IN_FRAMEWORK_HEADER = YES;
				CLANG_WARN_RANGE_LOOP_ANALYSIS = YES;
				CLANG_WARN_STRICT_PROTOTYPES = YES;
				CLANG_WARN_SUSPICIOUS_MOVE = YES;
				CLANG_WARN_UNGUARDED_AVAILABILITY = YES_AGGRESSIVE;
				CLANG_WARN_UNREACHABLE_CODE = YES;
				CLANG_WARN__DUPLICATE_METHOD_MATCH = YES;
				COPY_PHASE_STRIP = NO;
				DEBUG_INFORMATION_FORMAT = dwarf;
				ENABLE_STRICT_OBJC_MSGSEND = YES;
				ENABLE_TESTABILITY = YES;
				GCC_C_LANGUAGE_STANDARD = gnu11;
				GCC_DYNAMIC_NO_PIC = NO;
				GCC_NO_COMMON_BLOCKS = YES;
				GCC_OPTIMIZATION_LEVEL = 0;
				GCC_PREPROCESSOR_DEFINITIONS = (
					"DEBUG=1",
					"$(inherited)",
				);
				GCC_WARN_64_TO_32_BIT_CONVERSION = YES;
				GCC_WARN_ABOUT_RETURN_TYPE = YES_ERROR;
				GCC_WARN_UNDECLARED_SELECTOR = YES;
				GCC_WARN_UNINITIALIZED_AUTOS = YES_AGGRESSIVE;
				GCC_WARN_UNUSED_FUNCTION = YES;
				GCC_WARN_UNUSED_VARIABLE = YES;
				IPHONEOS_DEPLOYMENT_TARGET = 15.5;
				MTL_ENABLE_DEBUG_INFO = INCLUDE_SOURCE;
				MTL_FAST_MATH = YES;
				ONLY_ACTIVE_ARCH = YES;
				SDKROOT = iphoneos;
				SWIFT_ACTIVE_COMPILATION_CONDITIONS = DEBUG;
				SWIFT_OPTIMIZATION_LEVEL = "-Onone";
			};
			name = Debug;
		};
		CE5EC33E2862448C009BFB3E /* Release */ = {
			isa = XCBuildConfiguration;
			buildSettings = {
				ALWAYS_SEARCH_USER_PATHS = NO;
				CLANG_ANALYZER_NONNULL = YES;
				CLANG_ANALYZER_NUMBER_OBJECT_CONVERSION = YES_AGGRESSIVE;
				CLANG_CXX_LANGUAGE_STANDARD = "gnu++17";
				CLANG_ENABLE_MODULES = YES;
				CLANG_ENABLE_OBJC_ARC = YES;
				CLANG_ENABLE_OBJC_WEAK = YES;
				CLANG_WARN_BLOCK_CAPTURE_AUTORELEASING = YES;
				CLANG_WARN_BOOL_CONVERSION = YES;
				CLANG_WARN_COMMA = YES;
				CLANG_WARN_CONSTANT_CONVERSION = YES;
				CLANG_WARN_DEPRECATED_OBJC_IMPLEMENTATIONS = YES;
				CLANG_WARN_DIRECT_OBJC_ISA_USAGE = YES_ERROR;
				CLANG_WARN_DOCUMENTATION_COMMENTS = YES;
				CLANG_WARN_EMPTY_BODY = YES;
				CLANG_WARN_ENUM_CONVERSION = YES;
				CLANG_WARN_INFINITE_RECURSION = YES;
				CLANG_WARN_INT_CONVERSION = YES;
				CLANG_WARN_NON_LITERAL_NULL_CONVERSION = YES;
				CLANG_WARN_OBJC_IMPLICIT_RETAIN_SELF = YES;
				CLANG_WARN_OBJC_LITERAL_CONVERSION = YES;
				CLANG_WARN_OBJC_ROOT_CLASS = YES_ERROR;
				CLANG_WARN_QUOTED_INCLUDE_IN_FRAMEWORK_HEADER = YES;
				CLANG_WARN_RANGE_LOOP_ANALYSIS = YES;
				CLANG_WARN_STRICT_PROTOTYPES = YES;
				CLANG_WARN_SUSPICIOUS_MOVE = YES;
				CLANG_WARN_UNGUARDED_AVAILABILITY = YES_AGGRESSIVE;
				CLANG_WARN_UNREACHABLE_CODE = YES;
				CLANG_WARN__DUPLICATE_METHOD_MATCH = YES;
				COPY_PHASE_STRIP = NO;
				DEBUG_INFORMATION_FORMAT = "dwarf-with-dsym";
				ENABLE_NS_ASSERTIONS = NO;
				ENABLE_STRICT_OBJC_MSGSEND = YES;
				GCC_C_LANGUAGE_STANDARD = gnu11;
				GCC_NO_COMMON_BLOCKS = YES;
				GCC_WARN_64_TO_32_BIT_CONVERSION = YES;
				GCC_WARN_ABOUT_RETURN_TYPE = YES_ERROR;
				GCC_WARN_UNDECLARED_SELECTOR = YES;
				GCC_WARN_UNINITIALIZED_AUTOS = YES_AGGRESSIVE;
				GCC_WARN_UNUSED_FUNCTION = YES;
				GCC_WARN_UNUSED_VARIABLE = YES;
				IPHONEOS_DEPLOYMENT_TARGET = 15.5;
				MTL_ENABLE_DEBUG_INFO = NO;
				MTL_FAST_MATH = YES;
				SDKROOT = iphoneos;
				SWIFT_COMPILATION_MODE = wholemodule;
				SWIFT_OPTIMIZATION_LEVEL = "-O";
				VALIDATE_PRODUCT = YES;
			};
			name = Release;
		};
		CE5EC3402862448C009BFB3E /* Debug */ = {
			isa = XCBuildConfiguration;
			baseConfigurationReference = 3AEC49CF00C3FE014FA0D6D1 /* Pods-testPryaniky.debug.xcconfig */;
			buildSettings = {
				ASSETCATALOG_COMPILER_APPICON_NAME = AppIcon;
				ASSETCATALOG_COMPILER_GLOBAL_ACCENT_COLOR_NAME = AccentColor;
				CODE_SIGN_STYLE = Automatic;
				CURRENT_PROJECT_VERSION = 1;
				DEVELOPMENT_TEAM = 993C8Z6CX7;
				GENERATE_INFOPLIST_FILE = YES;
				INFOPLIST_FILE = testPryaniky/Info.plist;
				INFOPLIST_KEY_UIApplicationSupportsIndirectInputEvents = YES;
				INFOPLIST_KEY_UILaunchStoryboardName = LaunchScreen;
				INFOPLIST_KEY_UIMainStoryboardFile = Main;
				INFOPLIST_KEY_UISupportedInterfaceOrientations_iPad = "UIInterfaceOrientationPortrait UIInterfaceOrientationPortraitUpsideDown UIInterfaceOrientationLandscapeLeft UIInterfaceOrientationLandscapeRight";
				INFOPLIST_KEY_UISupportedInterfaceOrientations_iPhone = "UIInterfaceOrientationPortrait UIInterfaceOrientationLandscapeLeft UIInterfaceOrientationLandscapeRight";
				LD_RUNPATH_SEARCH_PATHS = (
					"$(inherited)",
					"@executable_path/Frameworks",
				);
				MARKETING_VERSION = 1.0;
				PRODUCT_BUNDLE_IDENTIFIER = tohaInc.testPryaniky;
				PRODUCT_NAME = "$(TARGET_NAME)";
				SWIFT_EMIT_LOC_STRINGS = YES;
				SWIFT_VERSION = 5.0;
				TARGETED_DEVICE_FAMILY = "1,2";
			};
			name = Debug;
		};
		CE5EC3412862448C009BFB3E /* Release */ = {
			isa = XCBuildConfiguration;
			baseConfigurationReference = 890908B63598736485193578 /* Pods-testPryaniky.release.xcconfig */;
			buildSettings = {
				ASSETCATALOG_COMPILER_APPICON_NAME = AppIcon;
				ASSETCATALOG_COMPILER_GLOBAL_ACCENT_COLOR_NAME = AccentColor;
				CODE_SIGN_STYLE = Automatic;
				CURRENT_PROJECT_VERSION = 1;
				DEVELOPMENT_TEAM = 993C8Z6CX7;
				GENERATE_INFOPLIST_FILE = YES;
				INFOPLIST_FILE = testPryaniky/Info.plist;
				INFOPLIST_KEY_UIApplicationSupportsIndirectInputEvents = YES;
				INFOPLIST_KEY_UILaunchStoryboardName = LaunchScreen;
				INFOPLIST_KEY_UIMainStoryboardFile = Main;
				INFOPLIST_KEY_UISupportedInterfaceOrientations_iPad = "UIInterfaceOrientationPortrait UIInterfaceOrientationPortraitUpsideDown UIInterfaceOrientationLandscapeLeft UIInterfaceOrientationLandscapeRight";
				INFOPLIST_KEY_UISupportedInterfaceOrientations_iPhone = "UIInterfaceOrientationPortrait UIInterfaceOrientationLandscapeLeft UIInterfaceOrientationLandscapeRight";
				LD_RUNPATH_SEARCH_PATHS = (
					"$(inherited)",
					"@executable_path/Frameworks",
				);
				MARKETING_VERSION = 1.0;
				PRODUCT_BUNDLE_IDENTIFIER = tohaInc.testPryaniky;
				PRODUCT_NAME = "$(TARGET_NAME)";
				SWIFT_EMIT_LOC_STRINGS = YES;
				SWIFT_VERSION = 5.0;
				TARGETED_DEVICE_FAMILY = "1,2";
			};
			name = Release;
		};
/* End XCBuildConfiguration section */

/* Begin XCConfigurationList section */
		CE5EC3262862448A009BFB3E /* Build configuration list for PBXProject "testPryaniky" */ = {
			isa = XCConfigurationList;
			buildConfigurations = (
				CE5EC33D2862448C009BFB3E /* Debug */,
				CE5EC33E2862448C009BFB3E /* Release */,
			);
			defaultConfigurationIsVisible = 0;
			defaultConfigurationName = Release;
		};
		CE5EC33F2862448C009BFB3E /* Build configuration list for PBXNativeTarget "testPryaniky" */ = {
			isa = XCConfigurationList;
			buildConfigurations = (
				CE5EC3402862448C009BFB3E /* Debug */,
				CE5EC3412862448C009BFB3E /* Release */,
			);
			defaultConfigurationIsVisible = 0;
			defaultConfigurationName = Release;
		};
/* End XCConfigurationList section */
	};
	rootObject = CE5EC3232862448A009BFB3E /* Project object */;
}
